
Microsoft Visual Studio Solution File, Format Version 12.00
# Visual Studio Version 16
VisualStudioVersion = 16.0.32002.261
MinimumVisualStudioVersion = 10.0.40219.1
Project("{FAE04EC0-301F-11D3-BF4B-00C04F79EFBC}") = "IDCAEmulatorDataAnalysis", "IDCAEmulatorDataAnalysis.csproj", "{7AB54E7C-3F83-4F03-99CC-1209DB8505DF}"
EndProject
Global
	GlobalSection(SolutionConfigurationPlatforms) = preSolution
		Debug|Any CPU = Debug|Any CPU
		Release|Any CPU = Release|Any CPU
	EndGlobalSection
	GlobalSection(ProjectConfigurationPlatforms) = postSolution
		{7AB54E7C-3F83-4F03-99CC-1209DB8505DF}.Debug|Any CPU.ActiveCfg = Debug|Any CPU
		{7AB54E7C-3F83-4F03-99CC-1209DB8505DF}.Debug|Any CPU.Build.0 = Debug|Any CPU
		{7AB54E7C-3F83-4F03-99CC-1209DB8505DF}.Release|Any CPU.ActiveCfg = Release|Any CPU
		{7AB54E7C-3F83-4F03-99CC-1209DB8505DF}.Release|Any CPU.Build.0 = Release|Any CPU
	EndGlobalSection
	GlobalSection(SolutionProperties) = preSolution
		HideSolutionNode = FALSE
	EndGlobalSection
	GlobalSection(ExtensibilityGlobals) = postSolution
		SolutionGuid = {77672757-31CB-4954-9E18-FB980D4F8CC4}
	EndGlobalSection
EndGlobal
